{
  "nodes": {
    "flake-utils": {
      "locked": {
        "lastModified": 1758562930,
        "narHash": "sha256-pXTuZ7zK7Mw/Di4K0Z/XJHm+iP0Lx0N8pfPc0cqcPsE=",
        "owner": "SpiralP",
        "repo": "nix-flake-utils",
        "rev": "7ae99e77aa9506ed0d68b8ea9ad4a0ae5f57e98c",
        "type": "github"
      },
      "original": {
        "owner": "SpiralP",
        "repo": "nix-flake-utils",
        "type": "github"
      }
    },
    "nixpkgs": {
      "locked": {
        "lastModified": 1775811116,
        "narHash": "sha256-t+HZK42pB6N+i5RGbuy7Xluez/VvWbembBdvzsc23Ss=",
        "owner": "NixOS",
        "repo": "nixpkgs",
        "rev": "54170c54449ea4d6725efd30d719c5e505f1c10e",
        "type": "github"
      },
      "original": {
        "owner": "NixOS",
        "ref": "nixos-25.11",
        "repo": "nixpkgs",
        "type": "github"
      }
    },
    "root": {
      "inputs": {
        "flake-utils": "flake-utils",
        "nixpkgs": "nixpkgs"
      }
    }
  },
  "root": "root",
  "version": 7
}
