{
  "nodes": {
    "flake-utils": {
      "locked": {
        "lastModified": 1758562930,
        "narHash": "sha256-pXTuZ7zK7Mw/Di4K0Z/XJHm+iP0Lx0N8pfPc0cqcPsE=",
        "owner": "SpiralP",
        "repo": "nix-flake-utils",
        "rev": "7ae99e77aa9506ed0d68b8ea9ad4a0ae5f57e98c",
        "type": "github"
      },
      "original": {
        "owner": "SpiralP",
        "repo": "nix-flake-utils",
        "type": "github"
      }
    },
    "nixpkgs": {
      "locked": {
        "lastModified": 1772822230,
        "narHash": "sha256-yf3iYLGbGVlIthlQIk5/4/EQDZNNEmuqKZkQssMljuw=",
        "owner": "NixOS",
        "repo": "nixpkgs",
        "rev": "71caefce12ba78d84fe618cf61644dce01cf3a96",
        "type": "github"
      },
      "original": {
        "owner": "NixOS",
        "ref": "nixos-25.11",
        "repo": "nixpkgs",
        "type": "github"
      }
    },
    "root": {
      "inputs": {
        "flake-utils": "flake-utils",
        "nixpkgs": "nixpkgs"
      }
    }
  },
  "root": "root",
  "version": 7
}
